// !$*UTF8*$!
{
	archiveVersion = 1;
	classes = {
	};
	objectVersion = 50;
	objects = {

/* Begin PBXBuildFile section */
		425838792112D53600703D80 /* AppDelegate.m in Sources */ = {isa = PBXBuildFile; fileRef = 425838782112D53600703D80 /* AppDelegate.m */; };
		4258387C2112D53600703D80 /* ViewController.m in Sources */ = {isa = PBXBuildFile; fileRef = 4258387B2112D53600703D80 /* ViewController.m */; };
		4258387F2112D53600703D80 /* Main.storyboard in Resources */ = {isa = PBXBuildFile; fileRef = 4258387D2112D53600703D80 /* Main.storyboard */; };
		425838812112D53700703D80 /* Assets.xcassets in Resources */ = {isa = PBXBuildFile; fileRef = 425838802112D53700703D80 /* Assets.xcassets */; };
		425838842112D53700703D80 /* LaunchScreen.storyboard in Resources */ = {isa = PBXBuildFile; fileRef = 425838822112D53700703D80 /* LaunchScreen.storyboard */; };
		425838872112D53700703D80 /* main.m in Sources */ = {isa = PBXBuildFile; fileRef = 425838862112D53700703D80 /* main.m */; };
		425838912112D53700703D80 /* WebViewTests.m in Sources */ = {isa = PBXBuildFile; fileRef = 425838902112D53700703D80 /* WebViewTests.m */; };
		4258389C2112D53700703D80 /* WebViewUITests.m in Sources */ = {isa = PBXBuildFile; fileRef = 4258389B2112D53700703D80 /* WebViewUITests.m */; };
		425838AB2112D6AF00703D80 /* JSObjectManager.m in Sources */ = {isa = PBXBuildFile; fileRef = 425838AA2112D6AF00703D80 /* JSObjectManager.m */; };
/* End PBXBuildFile section */

/* Begin PBXContainerItemProxy section */
		4258388D2112D53700703D80 /* PBXContainerItemProxy */ = {
			isa = PBXContainerItemProxy;
			containerPortal = 4258386C2112D53600703D80 /* Project object */;
			proxyType = 1;
			remoteGlobalIDString = 425838732112D53600703D80;
			remoteInfo = WebView;
		};
		425838982112D53700703D80 /* PBXContainerItemProxy */ = {
			isa = PBXContainerItemProxy;
			containerPortal = 4258386C2112D53600703D80 /* Project object */;
			proxyType = 1;
			remoteGlobalIDString = 425838732112D53600703D80;
			remoteInfo = WebView;
		};
/* End PBXContainerItemProxy section */

/* Begin PBXFileReference section */
		425838742112D53600703D80 /* WebView.app */ = {isa = PBXFileReference; explicitFileType = wrapper.application; includeInIndex = 0; path = WebView.app; sourceTree = BUILT_PRODUCTS_DIR; };
		425838772112D53600703D80 /* AppDelegate.h */ = {isa = PBXFileReference; lastKnownFileType = sourcecode.c.h; path = AppDelegate.h; sourceTree = "<group>"; };
		425838782112D53600703D80 /* AppDelegate.m */ = {isa = PBXFileReference; lastKnownFileType = sourcecode.c.objc; path = AppDelegate.m; sourceTree = "<group>"; };
		4258387A2112D53600703D80 /* ViewController.h */ = {isa = PBXFileReference; lastKnownFileType = sourcecode.c.h; path = ViewController.h; sourceTree = "<group>"; };
		4258387B2112D53600703D80 /* ViewController.m */ = {isa = PBXFileReference; lastKnownFileType = sourcecode.c.objc; path = ViewController.m; sourceTree = "<group>"; };
		4258387E2112D53600703D80 /* Base */ = {isa = PBXFileReference; lastKnownFileType = file.storyboard; name = Base; path = Base.lproj/Main.storyboard; sourceTree = "<group>"; };
		425838802112D53700703D80 /* Assets.xcassets */ = {isa = PBXFileReference; lastKnownFileType = folder.assetcatalog; path = Assets.xcassets; sourceTree = "<group>"; };
		425838832112D53700703D80 /* Base */ = {isa = PBXFileReference; lastKnownFileType = file.storyboard; name = Base; path = Base.lproj/LaunchScreen.storyboard; sourceTree = "<group>"; };
		425838852112D53700703D80 /* Info.plist */ = {isa = PBXFileReference; lastKnownFileType = text.plist.xml; path = Info.plist; sourceTree = "<group>"; };
		425838862112D53700703D80 /* main.m */ = {isa = PBXFileReference; lastKnownFileType = sourcecode.c.objc; path = main.m; sourceTree = "<group>"; };
		4258388C2112D53700703D80 /* WebViewTests.xctest */ = {isa = PBXFileReference; explicitFileType = wrapper.cfbundle; includeInIndex = 0; path = WebViewTests.xctest; sourceTree = BUILT_PRODUCTS_DIR; };
		425838902112D53700703D80 /* WebViewTests.m */ = {isa = PBXFileReference; lastKnownFileType = sourcecode.c.objc; path = WebViewTests.m; sourceTree = "<group>"; };
		425838922112D53700703D80 /* Info.plist */ = {isa = PBXFileReference; lastKnownFileType = text.plist.xml; path = Info.plist; sourceTree = "<group>"; };
		425838972112D53700703D80 /* WebViewUITests.xctest */ = {isa = PBXFileReference; explicitFileType = wrapper.cfbundle; includeInIndex = 0; path = WebViewUITests.xctest; sourceTree = BUILT_PRODUCTS_DIR; };
		4258389B2112D53700703D80 /* WebViewUITests.m */ = {isa = PBXFileReference; lastKnownFileType = sourcecode.c.objc; path = WebViewUITests.m; sourceTree = "<group>"; };
		4258389D2112D53700703D80 /* Info.plist */ = {isa = PBXFileReference; lastKnownFileType = text.plist.xml; path = Info.plist; sourceTree = "<group>"; };
		425838A92112D6AF00703D80 /* JSObjectManager.h */ = {isa = PBXFileReference; lastKnownFileType = sourcecode.c.h; path = JSObjectManager.h; sourceTree = "<group>"; };
		425838AA2112D6AF00703D80 /* JSObjectManager.m */ = {isa = PBXFileReference; lastKnownFileType = sourcecode.c.objc; path = JSObjectManager.m; sourceTree = "<group>"; };
		425838AC2112D6D700703D80 /* JSObjectProtocol.h */ = {isa = PBXFileReference; lastKnownFileType = sourcecode.c.h; path = JSObjectProtocol.h; sourceTree = "<group>"; };
/* End PBXFileReference section */

/* Begin PBXFrameworksBuildPhase section */
		425838712112D53600703D80 /* Frameworks */ = {
			isa = PBXFrameworksBuildPhase;
			buildActionMask = 2147483647;
			files = (
			);
			runOnlyForDeploymentPostprocessing = 0;
		};
		425838892112D53700703D80 /* Frameworks */ = {
			isa = PBXFrameworksBuildPhase;
			buildActionMask = 2147483647;
			files = (
			);
			runOnlyForDeploymentPostprocessing = 0;
		};
		425838942112D53700703D80 /* Frameworks */ = {
			isa = PBXFrameworksBuildPhase;
			buildActionMask = 2147483647;
			files = (
			);
			runOnlyForDeploymentPostprocessing = 0;
		};
/* End PBXFrameworksBuildPhase section */

/* Begin PBXGroup section */
		4258386B2112D53600703D80 = {
			isa = PBXGroup;
			children = (
				425838762112D53600703D80 /* WebView */,
				4258388F2112D53700703D80 /* WebViewTests */,
				4258389A2112D53700703D80 /* WebViewUITests */,
				425838752112D53600703D80 /* Products */,
			);
			sourceTree = "<group>";
		};
		425838752112D53600703D80 /* Products */ = {
			isa = PBXGroup;
			children = (
				425838742112D53600703D80 /* WebView.app */,
				4258388C2112D53700703D80 /* WebViewTests.xctest */,
				425838972112D53700703D80 /* WebViewUITests.xctest */,
			);
			name = Products;
			sourceTree = "<group>";
		};
		425838762112D53600703D80 /* WebView */ = {
			isa = PBXGroup;
			children = (
				425838772112D53600703D80 /* AppDelegate.h */,
				425838782112D53600703D80 /* AppDelegate.m */,
				4258387A2112D53600703D80 /* ViewController.h */,
				4258387B2112D53600703D80 /* ViewController.m */,
				425838A92112D6AF00703D80 /* JSObjectManager.h */,
				425838AA2112D6AF00703D80 /* JSObjectManager.m */,
				425838AC2112D6D700703D80 /* JSObjectProtocol.h */,
				4258387D2112D53600703D80 /* Main.storyboard */,
				425838802112D53700703D80 /* Assets.xcassets */,
				425838822112D53700703D80 /* LaunchScreen.storyboard */,
				425838852112D53700703D80 /* Info.plist */,
				425838862112D53700703D80 /* main.m */,
			);
			path = WebView;
			sourceTree = "<group>";
		};
		4258388F2112D53700703D80 /* WebViewTests */ = {
			isa = PBXGroup;
			children = (
				425838902112D53700703D80 /* WebViewTests.m */,
				425838922112D53700703D80 /* Info.plist */,
			);
			path = WebViewTests;
			sourceTree = "<group>";
		};
		4258389A2112D53700703D80 /* WebViewUITests */ = {
			isa = PBXGroup;
			children = (
				4258389B2112D53700703D80 /* WebViewUITests.m */,
				4258389D2112D53700703D80 /* Info.plist */,
			);
			path = WebViewUITests;
			sourceTree = "<group>";
		};
/* End PBXGroup section */

/* Begin PBXNativeTarget section */
		425838732112D53600703D80 /* WebView */ = {
			isa = PBXNativeTarget;
			buildConfigurationList = 425838A02112D53700703D80 /* Build configuration list for PBXNativeTarget "WebView" */;
			buildPhases = (
				425838702112D53600703D80 /* Sources */,
				425838712112D53600703D80 /* Frameworks */,
				425838722112D53600703D80 /* Resources */,
			);
			buildRules = (
			);
			dependencies = (
			);
			name = WebView;
			productName = WebView;
			productReference = 425838742112D53600703D80 /* WebView.app */;
			productType = "com.apple.product-type.application";
		};
		4258388B2112D53700703D80 /* WebViewTests */ = {
			isa = PBXNativeTarget;
			buildConfigurationList = 425838A32112D53700703D80 /* Build configuration list for PBXNativeTarget "WebViewTests" */;
			buildPhases = (
				425838882112D53700703D80 /* Sources */,
				425838892112D53700703D80 /* Frameworks */,
				4258388A2112D53700703D80 /* Resources */,
			);
			buildRules = (
			);
			dependencies = (
				4258388E2112D53700703D80 /* PBXTargetDependency */,
			);
			name = WebViewTests;
			productName = WebViewTests;
			productReference = 4258388C2112D53700703D80 /* WebViewTests.xctest */;
			productType = "com.apple.product-type.bundle.unit-test";
		};
		425838962112D53700703D80 /* WebViewUITests */ = {
			isa = PBXNativeTarget;
			buildConfigurationList = 425838A62112D53700703D80 /* Build configuration list for PBXNativeTarget "WebViewUITests" */;
			buildPhases = (
				425838932112D53700703D80 /* Sources */,
				425838942112D53700703D80 /* Frameworks */,
				425838952112D53700703D80 /* Resources */,
			);
			buildRules = (
			);
			dependencies = (
				425838992112D53700703D80 /* PBXTargetDependency */,
			);
			name = WebViewUITests;
			productName = WebViewUITests;
			productReference = 425838972112D53700703D80 /* WebViewUITests.xctest */;
			productType = "com.apple.product-type.bundle.ui-testing";
		};
/* End PBXNativeTarget section */

/* Begin PBXProject section */
		4258386C2112D53600703D80 /* Project object */ = {
			isa = PBXProject;
			attributes = {
				LastUpgradeCheck = 0940;
				ORGANIZATIONNAME = ENN;
				TargetAttributes = {
					425838732112D53600703D80 = {
						CreatedOnToolsVersion = 9.4.1;
					};
					4258388B2112D53700703D80 = {
						CreatedOnToolsVersion = 9.4.1;
						TestTargetID = 425838732112D53600703D80;
					};
					425838962112D53700703D80 = {
						CreatedOnToolsVersion = 9.4.1;
						TestTargetID = 425838732112D53600703D80;
					};
				};
			};
			buildConfigurationList = 4258386F2112D53600703D80 /* Build configuration list for PBXProject "WebView" */;
			compatibilityVersion = "Xcode 9.3";
			developmentRegion = en;
			hasScannedForEncodings = 0;
			knownRegions = (
				en,
				Base,
			);
			mainGroup = 4258386B2112D53600703D80;
			productRefGroup = 425838752112D53600703D80 /* Products */;
			projectDirPath = "";
			projectRoot = "";
			targets = (
				425838732112D53600703D80 /* WebView */,
				4258388B2112D53700703D80 /* WebViewTests */,
				425838962112D53700703D80 /* WebViewUITests */,
			);
		};
/* End PBXProject section */

/* Begin PBXResourcesBuildPhase section */
		425838722112D53600703D80 /* Resources */ = {
			isa = PBXResourcesBuildPhase;
			buildActionMask = 2147483647;
			files = (
				425838842112D53700703D80 /* LaunchScreen.storyboard in Resources */,
				425838812112D53700703D80 /* Assets.xcassets in Resources */,
				4258387F2112D53600703D80 /* Main.storyboard in Resources */,
			);
			runOnlyForDeploymentPostprocessing = 0;
		};
		4258388A2112D53700703D80 /* Resources */ = {
			isa = PBXResourcesBuildPhase;
			buildActionMask = 2147483647;
			files = (
			);
			runOnlyForDeploymentPostprocessing = 0;
		};
		425838952112D53700703D80 /* Resources */ = {
			isa = PBXResourcesBuildPhase;
			buildActionMask = 2147483647;
			files = (
			);
			runOnlyForDeploymentPostprocessing = 0;
		};
/* End PBXResourcesBuildPhase section */

/* Begin PBXSourcesBuildPhase section */
		425838702112D53600703D80 /* Sources */ = {
			isa = PBXSourcesBuildPhase;
			buildActionMask = 2147483647;
			files = (
				4258387C2112D53600703D80 /* ViewController.m in Sources */,
				425838872112D53700703D80 /* main.m in Sources */,
				425838792112D53600703D80 /* AppDelegate.m in Sources */,
				425838AB2112D6AF00703D80 /* JSObjectManager.m in Sources */,
			);
			runOnlyForDeploymentPostprocessing = 0;
		};
		425838882112D53700703D80 /* Sources */ = {
			isa = PBXSourcesBuildPhase;
			buildActionMask = 2147483647;
			files = (
				425838912112D53700703D80 /* WebViewTests.m in Sources */,
			);
			runOnlyForDeploymentPostprocessing = 0;
		};
		425838932112D53700703D80 /* Sources */ = {
			isa = PBXSourcesBuildPhase;
			buildActionMask = 2147483647;
			files = (
				4258389C2112D53700703D80 /* WebViewUITests.m in Sources */,
			);
			runOnlyForDeploymentPostprocessing = 0;
		};
/* End PBXSourcesBuildPhase section */

/* Begin PBXTargetDependency section */
		4258388E2112D53700703D80 /* PBXTargetDependency */ = {
			isa = PBXTargetDependency;
			target = 425838732112D53600703D80 /* WebView */;
			targetProxy = 4258388D2112D53700703D80 /* PBXContainerItemProxy */;
		};
		425838992112D53700703D80 /* PBXTargetDependency */ = {
			isa = PBXTargetDependency;
			target = 425838732112D53600703D80 /* WebView */;
			targetProxy = 425838982112D53700703D80 /* PBXContainerItemProxy */;
		};
/* End PBXTargetDependency section */

/* Begin PBXVariantGroup section */
		4258387D2112D53600703D80 /* Main.storyboard */ = {
			isa = PBXVariantGroup;
			children = (
				4258387E2112D53600703D80 /* Base */,
			);
			name = Main.storyboard;
			sourceTree = "<group>";
		};
		425838822112D53700703D80 /* LaunchScreen.storyboard */ = {
			isa = PBXVariantGroup;
			children = (
				425838832112D53700703D80 /* Base */,
			);
			name = LaunchScreen.storyboard;
			sourceTree = "<group>";
		};
/* End PBXVariantGroup section */

/* Begin XCBuildConfiguration section */
		4258389E2112D53700703D80 /* Debug */ = {
			isa = XCBuildConfiguration;
			buildSettings = {
				ALWAYS_SEARCH_USER_PATHS = NO;
				CLANG_ANALYZER_NONNULL = YES;
				CLANG_ANALYZER_NUMBER_OBJECT_CONVERSION = YES_AGGRESSIVE;
				CLANG_CXX_LANGUAGE_STANDARD = "gnu++14";
				CLANG_CXX_LIBRARY = "libc++";
				CLANG_ENABLE_MODULES = YES;
				CLANG_ENABLE_OBJC_ARC = YES;
				CLANG_ENABLE_OBJC_WEAK = YES;
				CLANG_WARN_BLOCK_CAPTURE_AUTORELEASING = YES;
				CLANG_WARN_BOOL_CONVERSION = YES;
				CLANG_WARN_COMMA = YES;
				CLANG_WARN_CONSTANT_CONVERSION = YES;
				CLANG_WARN_DEPRECATED_OBJC_IMPLEMENTATIONS = YES;
				CLANG_WARN_DIRECT_OBJC_ISA_USAGE = YES_ERROR;
				CLANG_WARN_DOCUMENTATION_COMMENTS = YES;
				CLANG_WARN_EMPTY_BODY = YES;
				CLANG_WARN_ENUM_CONVERSION = YES;
				CLANG_WARN_INFINITE_RECURSION = YES;
				CLANG_WARN_INT_CONVERSION = YES;
				CLANG_WARN_NON_LITERAL_NULL_CONVERSION = YES;
				CLANG_WARN_OBJC_IMPLICIT_RETAIN_SELF = YES;
				CLANG_WARN_OBJC_LITERAL_CONVERSION = YES;
				CLANG_WARN_OBJC_ROOT_CLASS = YES_ERROR;
				CLANG_WARN_RANGE_LOOP_ANALYSIS = YES;
				CLANG_WARN_STRICT_PROTOTYPES = YES;
				CLANG_WARN_SUSPICIOUS_MOVE = YES;
				CLANG_WARN_UNGUARDED_AVAILABILITY = YES_AGGRESSIVE;
				CLANG_WARN_UNREACHABLE_CODE = YES;
				CLANG_WARN__DUPLICATE_METHOD_MATCH = YES;
				CODE_SIGN_IDENTITY = "iPhone Developer";
				COPY_PHASE_STRIP = NO;
				DEBUG_INFORMATION_FORMAT = dwarf;
				ENABLE_STRICT_OBJC_MSGSEND = YES;
				ENABLE_TESTABILITY = YES;
				GCC_C_LANGUAGE_STANDARD = gnu11;
				GCC_DYNAMIC_NO_PIC = NO;
				GCC_NO_COMMON_BLOCKS = YES;
				GCC_OPTIMIZATION_LEVEL = 0;
				GCC_PREPROCESSOR_DEFINITIONS = (
					"DEBUG=1",
					"$(inherited)",
				);
				GCC_WARN_64_TO_32_BIT_CONVERSION = YES;
				GCC_WARN_ABOUT_RETURN_TYPE = YES_ERROR;
				GCC_WARN_UNDECLARED_SELECTOR = YES;
				GCC_WARN_UNINITIALIZED_AUTOS = YES_AGGRESSIVE;
				GCC_WARN_UNUSED_FUNCTION = YES;
				GCC_WARN_UNUSED_VARIABLE = YES;
				IPHONEOS_DEPLOYMENT_TARGET = 11.4;
				MTL_ENABLE_DEBUG_INFO = YES;
				ONLY_ACTIVE_ARCH = YES;
				SDKROOT = iphoneos;
			};
			name = Debug;
		};
		4258389F2112D53700703D80 /* Release */ = {
			isa = XCBuildConfiguration;
			buildSettings = {
				ALWAYS_SEARCH_USER_PATHS = NO;
				CLANG_ANALYZER_NONNULL = YES;
				CLANG_ANALYZER_NUMBER_OBJECT_CONVERSION = YES_AGGRESSIVE;
				CLANG_CXX_LANGUAGE_STANDARD = "gnu++14";
				CLANG_CXX_LIBRARY = "libc++";
				CLANG_ENABLE_MODULES = YES;
				CLANG_ENABLE_OBJC_ARC = YES;
				CLANG_ENABLE_OBJC_WEAK = YES;
				CLANG_WARN_BLOCK_CAPTURE_AUTORELEASING = YES;
				CLANG_WARN_BOOL_CONVERSION = YES;
				CLANG_WARN_COMMA = YES;
				CLANG_WARN_CONSTANT_CONVERSION = YES;
				CLANG_WARN_DEPRECATED_OBJC_IMPLEMENTATIONS = YES;
				CLANG_WARN_DIRECT_OBJC_ISA_USAGE = YES_ERROR;
				CLANG_WARN_DOCUMENTATION_COMMENTS = YES;
				CLANG_WARN_EMPTY_BODY = YES;
				CLANG_WARN_ENUM_CONVERSION = YES;
				CLANG_WARN_INFINITE_RECURSION = YES;
				CLANG_WARN_INT_CONVERSION = YES;
				CLANG_WARN_NON_LITERAL_NULL_CONVERSION = YES;
				CLANG_WARN_OBJC_IMPLICIT_RETAIN_SELF = YES;
				CLANG_WARN_OBJC_LITERAL_CONVERSION = YES;
				CLANG_WARN_OBJC_ROOT_CLASS = YES_ERROR;
				CLANG_WARN_RANGE_LOOP_ANALYSIS = YES;
				CLANG_WARN_STRICT_PROTOTYPES = YES;
				CLANG_WARN_SUSPICIOUS_MOVE = YES;
				CLANG_WARN_UNGUARDED_AVAILABILITY = YES_AGGRESSIVE;
				CLANG_WARN_UNREACHABLE_CODE = YES;
				CLANG_WARN__DUPLICATE_METHOD_MATCH = YES;
				CODE_SIGN_IDENTITY = "iPhone Developer";
				COPY_PHASE_STRIP = NO;
				DEBUG_INFORMATION_FORMAT = "dwarf-with-dsym";
				ENABLE_NS_ASSERTIONS = NO;
				ENABLE_STRICT_OBJC_MSGSEND = YES;
				GCC_C_LANGUAGE_STANDARD = gnu11;
				GCC_NO_COMMON_BLOCKS = YES;
				GCC_WARN_64_TO_32_BIT_CONVERSION = YES;
				GCC_WARN_ABOUT_RETURN_TYPE = YES_ERROR;
				GCC_WARN_UNDECLARED_SELECTOR = YES;
				GCC_WARN_UNINITIALIZED_AUTOS = YES_AGGRESSIVE;
				GCC_WARN_UNUSED_FUNCTION = YES;
				GCC_WARN_UNUSED_VARIABLE = YES;
				IPHONEOS_DEPLOYMENT_TARGET = 11.4;
				MTL_ENABLE_DEBUG_INFO = NO;
				SDKROOT = iphoneos;
				VALIDATE_PRODUCT = YES;
			};
			name = Release;
		};
		425838A12112D53700703D80 /* Debug */ = {
			isa = XCBuildConfiguration;
			buildSettings = {
				ASSETCATALOG_COMPILER_APPICON_NAME = AppIcon;
				CODE_SIGN_STYLE = Automatic;
				DEVELOPMENT_TEAM = HXA3E8963G;
				INFOPLIST_FILE = WebView/Info.plist;
				LD_RUNPATH_SEARCH_PATHS = (
					"$(inherited)",
					"@executable_path/Frameworks",
				);
				PRODUCT_BUNDLE_IDENTIFIER = ENN.WebView;
				PRODUCT_NAME = "$(TARGET_NAME)";
				TARGETED_DEVICE_FAMILY = "1,2";
			};
			name = Debug;
		};
		425838A22112D53700703D80 /* Release */ = {
			isa = XCBuildConfiguration;
			buildSettings = {
				ASSETCATALOG_COMPILER_APPICON_NAME = AppIcon;
				CODE_SIGN_STYLE = Automatic;
				DEVELOPMENT_TEAM = HXA3E8963G;
				INFOPLIST_FILE = WebView/Info.plist;
				LD_RUNPATH_SEARCH_PATHS = (
					"$(inherited)",
					"@executable_path/Frameworks",
				);
				PRODUCT_BUNDLE_IDENTIFIER = ENN.WebView;
				PRODUCT_NAME = "$(TARGET_NAME)";
				TARGETED_DEVICE_FAMILY = "1,2";
			};
			name = Release;
		};
		425838A42112D53700703D80 /* Debug */ = {
			isa = XCBuildConfiguration;
			buildSettings = {
				BUNDLE_LOADER = "$(TEST_HOST)";
				CODE_SIGN_STYLE = Automatic;
				DEVELOPMENT_TEAM = HXA3E8963G;
				INFOPLIST_FILE = WebViewTests/Info.plist;
				LD_RUNPATH_SEARCH_PATHS = (
					"$(inherited)",
					"@executable_path/Frameworks",
					"@loader_path/Frameworks",
				);
				PRODUCT_BUNDLE_IDENTIFIER = ENN.WebViewTests;
				PRODUCT_NAME = "$(TARGET_NAME)";
				TARGETED_DEVICE_FAMILY = "1,2";
				TEST_HOST = "$(BUILT_PRODUCTS_DIR)/WebView.app/WebView";
			};
			name = Debug;
		};
		425838A52112D53700703D80 /* Release */ = {
			isa = XCBuildConfiguration;
			buildSettings = {
				BUNDLE_LOADER = "$(TEST_HOST)";
				CODE_SIGN_STYLE = Automatic;
				DEVELOPMENT_TEAM = HXA3E8963G;
				INFOPLIST_FILE = WebViewTests/Info.plist;
				LD_RUNPATH_SEARCH_PATHS = (
					"$(inherited)",
					"@executable_path/Frameworks",
					"@loader_path/Frameworks",
				);
				PRODUCT_BUNDLE_IDENTIFIER = ENN.WebViewTests;
				PRODUCT_NAME = "$(TARGET_NAME)";
				TARGETED_DEVICE_FAMILY = "1,2";
				TEST_HOST = "$(BUILT_PRODUCTS_DIR)/WebView.app/WebView";
			};
			name = Release;
		};
		425838A72112D53700703D80 /* Debug */ = {
			isa = XCBuildConfiguration;
			buildSettings = {
				CODE_SIGN_STYLE = Automatic;
				DEVELOPMENT_TEAM = HXA3E8963G;
				INFOPLIST_FILE = WebViewUITests/Info.plist;
				LD_RUNPATH_SEARCH_PATHS = (
					"$(inherited)",
					"@executable_path/Frameworks",
					"@loader_path/Frameworks",
				);
				PRODUCT_BUNDLE_IDENTIFIER = ENN.WebViewUITests;
				PRODUCT_NAME = "$(TARGET_NAME)";
				TARGETED_DEVICE_FAMILY = "1,2";
				TEST_TARGET_NAME = WebView;
			};
			name = Debug;
		};
		425838A82112D53700703D80 /* Release */ = {
			isa = XCBuildConfiguration;
			buildSettings = {
				CODE_SIGN_STYLE = Automatic;
				DEVELOPMENT_TEAM = HXA3E8963G;
				INFOPLIST_FILE = WebViewUITests/Info.plist;
				LD_RUNPATH_SEARCH_PATHS = (
					"$(inherited)",
					"@executable_path/Frameworks",
					"@loader_path/Frameworks",
				);
				PRODUCT_BUNDLE_IDENTIFIER = ENN.WebViewUITests;
				PRODUCT_NAME = "$(TARGET_NAME)";
				TARGETED_DEVICE_FAMILY = "1,2";
				TEST_TARGET_NAME = WebView;
			};
			name = Release;
		};
/* End XCBuildConfiguration section */

/* Begin XCConfigurationList section */
		4258386F2112D53600703D80 /* Build configuration list for PBXProject "WebView" */ = {
			isa = XCConfigurationList;
			buildConfigurations = (
				4258389E2112D53700703D80 /* Debug */,
				4258389F2112D53700703D80 /* Release */,
			);
			defaultConfigurationIsVisible = 0;
			defaultConfigurationName = Release;
		};
		425838A02112D53700703D80 /* Build configuration list for PBXNativeTarget "WebView" */ = {
			isa = XCConfigurationList;
			buildConfigurations = (
				425838A12112D53700703D80 /* Debug */,
				425838A22112D53700703D80 /* Release */,
			);
			defaultConfigurationIsVisible = 0;
			defaultConfigurationName = Release;
		};
		425838A32112D53700703D80 /* Build configuration list for PBXNativeTarget "WebViewTests" */ = {
			isa = XCConfigurationList;
			buildConfigurations = (
				425838A42112D53700703D80 /* Debug */,
				425838A52112D53700703D80 /* Release */,
			);
			defaultConfigurationIsVisible = 0;
			defaultConfigurationName = Release;
		};
		425838A62112D53700703D80 /* Build configuration list for PBXNativeTarget "WebViewUITests" */ = {
			isa = XCConfigurationList;
			buildConfigurations = (
				425838A72112D53700703D80 /* Debug */,
				425838A82112D53700703D80 /* Release */,
			);
			defaultConfigurationIsVisible = 0;
			defaultConfigurationName = Release;
		};
/* End XCConfigurationList section */
	};
	rootObject = 4258386C2112D53600703D80 /* Project object */;
}
